// !$*UTF8*$!
{
	archiveVersion = 1;
	classes = {
	};
	objectVersion = 56;
	objects = {

/* Begin PBXBuildFile section */
		82D08A5629ED460C00A28D2B /* AppDelegate.swift in Sources */ = {isa = PBXBuildFile; fileRef = 82D08A5529ED460C00A28D2B /* AppDelegate.swift */; };
		82D08A5829ED460C00A28D2B /* SceneDelegate.swift in Sources */ = {isa = PBXBuildFile; fileRef = 82D08A5729ED460C00A28D2B /* SceneDelegate.swift */; };
		82D08A5A29ED460C00A28D2B /* ViewController.swift in Sources */ = {isa = PBXBuildFile; fileRef = 82D08A5929ED460C00A28D2B /* ViewController.swift */; };
		82D08A5D29ED460C00A28D2B /* Main.storyboard in Resources */ = {isa = PBXBuildFile; fileRef = 82D08A5B29ED460C00A28D2B /* Main.storyboard */; };
		82D08A5F29ED461000A28D2B /* Assets.xcassets in Resources */ = {isa = PBXBuildFile; fileRef = 82D08A5E29ED461000A28D2B /* Assets.xcassets */; };
		82D08A6229ED461000A28D2B /* LaunchScreen.storyboard in Resources */ = {isa = PBXBuildFile; fileRef = 82D08A6029ED461000A28D2B /* LaunchScreen.storyboard */; };
		82D08A6D29ED801C00A28D2B /* InfoViewController.swift in Sources */ = {isa = PBXBuildFile; fileRef = 82D08A6C29ED801C00A28D2B /* InfoViewController.swift */; };
/* End PBXBuildFile section */

/* Begin PBXFileReference section */
		82D08A5229ED460C00A28D2B /* TempConverter.app */ = {isa = PBXFileReference; explicitFileType = wrapper.application; includeInIndex = 0; path = TempConverter.app; sourceTree = BUILT_PRODUCTS_DIR; };
		82D08A5529ED460C00A28D2B /* AppDelegate.swift */ = {isa = PBXFileReference; lastKnownFileType = sourcecode.swift; path = AppDelegate.swift; sourceTree = "<group>"; };
		82D08A5729ED460C00A28D2B /* SceneDelegate.swift */ = {isa = PBXFileReference; lastKnownFileType = sourcecode.swift; path = SceneDelegate.swift; sourceTree = "<group>"; };
		82D08A5929ED460C00A28D2B /* ViewController.swift */ = {isa = PBXFileReference; lastKnownFileType = sourcecode.swift; path = ViewController.swift; sourceTree = "<group>"; };
		82D08A5C29ED460C00A28D2B /* Base */ = {isa = PBXFileReference; lastKnownFileType = file.storyboard; name = Base; path = Base.lproj/Main.storyboard; sourceTree = "<group>"; };
		82D08A5E29ED461000A28D2B /* Assets.xcassets */ = {isa = PBXFileReference; lastKnownFileType = folder.assetcatalog; path = Assets.xcassets; sourceTree = "<group>"; };
		82D08A6129ED461000A28D2B /* Base */ = {isa = PBXFileReference; lastKnownFileType = file.storyboard; name = Base; path = Base.lproj/LaunchScreen.storyboard; sourceTree = "<group>"; };
		82D08A6329ED461000A28D2B /* Info.plist */ = {isa = PBXFileReference; lastKnownFileType = text.plist.xml; path = Info.plist; sourceTree = "<group>"; };
		82D08A6C29ED801C00A28D2B /* InfoViewController.swift */ = {isa = PBXFileReference; lastKnownFileType = sourcecode.swift; path = InfoViewController.swift; sourceTree = "<group>"; };
/* End PBXFileReference section */

/* Begin PBXFrameworksBuildPhase section */
		82D08A4F29ED460C00A28D2B /* Frameworks */ = {
			isa = PBXFrameworksBuildPhase;
			buildActionMask = 2147483647;
			files = (
			);
			runOnlyForDeploymentPostprocessing = 0;
		};
/* End PBXFrameworksBuildPhase section */

/* Begin PBXGroup section */
		82D08A4929ED460C00A28D2B = {
			isa = PBXGroup;
			children = (
				82D08A5429ED460C00A28D2B /* TempConverter */,
				82D08A5329ED460C00A28D2B /* Products */,
			);
			sourceTree = "<group>";
		};
		82D08A5329ED460C00A28D2B /* Products */ = {
			isa = PBXGroup;
			children = (
				82D08A5229ED460C00A28D2B /* TempConverter.app */,
			);
			name = Products;
			sourceTree = "<group>";
		};
		82D08A5429ED460C00A28D2B /* TempConverter */ = {
			isa = PBXGroup;
			children = (
				82D08A6929ED7F4500A28D2B /* AppDelegate */,
				82D08A6A29ED7F6000A28D2B /* Controllers */,
				82D08A6B29ED7F8100A28D2B /* View */,
				82D08A5E29ED461000A28D2B /* Assets.xcassets */,
				82D08A6329ED461000A28D2B /* Info.plist */,
			);
			path = TempConverter;
			sourceTree = "<group>";
		};
		82D08A6929ED7F4500A28D2B /* AppDelegate */ = {
			isa = PBXGroup;
			children = (
				82D08A5529ED460C00A28D2B /* AppDelegate.swift */,
				82D08A5729ED460C00A28D2B /* SceneDelegate.swift */,
			);
			path = AppDelegate;
			sourceTree = "<group>";
		};
		82D08A6A29ED7F6000A28D2B /* Controllers */ = {
			isa = PBXGroup;
			children = (
				82D08A5929ED460C00A28D2B /* ViewController.swift */,
				82D08A6C29ED801C00A28D2B /* InfoViewController.swift */,
			);
			path = Controllers;
			sourceTree = "<group>";
		};
		82D08A6B29ED7F8100A28D2B /* View */ = {
			isa = PBXGroup;
			children = (
				82D08A6029ED461000A28D2B /* LaunchScreen.storyboard */,
				82D08A5B29ED460C00A28D2B /* Main.storyboard */,
			);
			path = View;
			sourceTree = "<group>";
		};
/* End PBXGroup section */

/* Begin PBXNativeTarget section */
		82D08A5129ED460C00A28D2B /* TempConverter */ = {
			isa = PBXNativeTarget;
			buildConfigurationList = 82D08A6629ED461000A28D2B /* Build configuration list for PBXNativeTarget "TempConverter" */;
			buildPhases = (
				82D08A4E29ED460C00A28D2B /* Sources */,
				82D08A4F29ED460C00A28D2B /* Frameworks */,
				82D08A5029ED460C00A28D2B /* Resources */,
			);
			buildRules = (
			);
			dependencies = (
			);
			name = TempConverter;
			productName = TempConverter;
			productReference = 82D08A5229ED460C00A28D2B /* TempConverter.app */;
			productType = "com.apple.product-type.application";
		};
/* End PBXNativeTarget section */

/* Begin PBXProject section */
		82D08A4A29ED460C00A28D2B /* Project object */ = {
			isa = PBXProject;
			attributes = {
				BuildIndependentTargetsInParallel = 1;
				LastSwiftUpdateCheck = 1430;
				LastUpgradeCheck = 1430;
				TargetAttributes = {
					82D08A5129ED460C00A28D2B = {
						CreatedOnToolsVersion = 14.3;
					};
				};
			};
			buildConfigurationList = 82D08A4D29ED460C00A28D2B /* Build configuration list for PBXProject "TempConverter" */;
			compatibilityVersion = "Xcode 14.0";
			developmentRegion = en;
			hasScannedForEncodings = 0;
			knownRegions = (
				en,
				Base,
			);
			mainGroup = 82D08A4929ED460C00A28D2B;
			productRefGroup = 82D08A5329ED460C00A28D2B /* Products */;
			projectDirPath = "";
			projectRoot = "";
			targets = (
				82D08A5129ED460C00A28D2B /* TempConverter */,
			);
		};
/* End PBXProject section */

/* Begin PBXResourcesBuildPhase section */
		82D08A5029ED460C00A28D2B /* Resources */ = {
			isa = PBXResourcesBuildPhase;
			buildActionMask = 2147483647;
			files = (
				82D08A6229ED461000A28D2B /* LaunchScreen.storyboard in Resources */,
				82D08A5F29ED461000A28D2B /* Assets.xcassets in Resources */,
				82D08A5D29ED460C00A28D2B /* Main.storyboard in Resources */,
			);
			runOnlyForDeploymentPostprocessing = 0;
		};
/* End PBXResourcesBuildPhase section */

/* Begin PBXSourcesBuildPhase section */
		82D08A4E29ED460C00A28D2B /* Sources */ = {
			isa = PBXSourcesBuildPhase;
			buildActionMask = 2147483647;
			files = (
				82D08A5A29ED460C00A28D2B /* ViewController.swift in Sources */,
				82D08A5629ED460C00A28D2B /* AppDelegate.swift in Sources */,
				82D08A6D29ED801C00A28D2B /* InfoViewController.swift in Sources */,
				82D08A5829ED460C00A28D2B /* SceneDelegate.swift in Sources */,
			);
			runOnlyForDeploymentPostprocessing = 0;
		};
/* End PBXSourcesBuildPhase section */

/* Begin PBXVariantGroup section */
		82D08A5B29ED460C00A28D2B /* Main.storyboard */ = {
			isa = PBXVariantGroup;
			children = (
				82D08A5C29ED460C00A28D2B /* Base */,
			);
			name = Main.storyboard;
			sourceTree = "<group>";
		};
		82D08A6029ED461000A28D2B /* LaunchScreen.storyboard */ = {
			isa = PBXVariantGroup;
			children = (
				82D08A6129ED461000A28D2B /* Base */,
			);
			name = LaunchScreen.storyboard;
			sourceTree = "<group>";
		};
/* End PBXVariantGroup section */

/* Begin XCBuildConfiguration section */
		82D08A6429ED461000A28D2B /* Debug */ = {
			isa = XCBuildConfiguration;
			buildSettings = {
				ALWAYS_SEARCH_USER_PATHS = NO;
				CLANG_ANALYZER_NONNULL = YES;
				CLANG_ANALYZER_NUMBER_OBJECT_CONVERSION = YES_AGGRESSIVE;
				CLANG_CXX_LANGUAGE_STANDARD = "gnu++20";
				CLANG_ENABLE_MODULES = YES;
				CLANG_ENABLE_OBJC_ARC = YES;
				CLANG_ENABLE_OBJC_WEAK = YES;
				CLANG_WARN_BLOCK_CAPTURE_AUTORELEASING = YES;
				CLANG_WARN_BOOL_CONVERSION = YES;
				CLANG_WARN_COMMA = YES;
				CLANG_WARN_CONSTANT_CONVERSION = YES;
				CLANG_WARN_DEPRECATED_OBJC_IMPLEMENTATIONS = YES;
				CLANG_WARN_DIRECT_OBJC_ISA_USAGE = YES_ERROR;
				CLANG_WARN_DOCUMENTATION_COMMENTS = YES;
				CLANG_WARN_EMPTY_BODY = YES;
				CLANG_WARN_ENUM_CONVERSION = YES;
				CLANG_WARN_INFINITE_RECURSION = YES;
				CLANG_WARN_INT_CONVERSION = YES;
				CLANG_WARN_NON_LITERAL_NULL_CONVERSION = YES;
				CLANG_WARN_OBJC_IMPLICIT_RETAIN_SELF = YES;
				CLANG_WARN_OBJC_LITERAL_CONVERSION = YES;
				CLANG_WARN_OBJC_ROOT_CLASS = YES_ERROR;
				CLANG_WARN_QUOTED_INCLUDE_IN_FRAMEWORK_HEADER = YES;
				CLANG_WARN_RANGE_LOOP_ANALYSIS = YES;
				CLANG_WARN_STRICT_PROTOTYPES = YES;
				CLANG_WARN_SUSPICIOUS_MOVE = YES;
				CLANG_WARN_UNGUARDED_AVAILABILITY = YES_AGGRESSIVE;
				CLANG_WARN_UNREACHABLE_CODE = YES;
				CLANG_WARN__DUPLICATE_METHOD_MATCH = YES;
				COPY_PHASE_STRIP = NO;
				DEBUG_INFORMATION_FORMAT = dwarf;
				ENABLE_STRICT_OBJC_MSGSEND = YES;
				ENABLE_TESTABILITY = YES;
				GCC_C_LANGUAGE_STANDARD = gnu11;
				GCC_DYNAMIC_NO_PIC = NO;
				GCC_NO_COMMON_BLOCKS = YES;
				GCC_OPTIMIZATION_LEVEL = 0;
				GCC_PREPROCESSOR_DEFINITIONS = (
					"DEBUG=1",
					"$(inherited)",
				);
				GCC_WARN_64_TO_32_BIT_CONVERSION = YES;
				GCC_WARN_ABOUT_RETURN_TYPE = YES_ERROR;
				GCC_WARN_UNDECLARED_SELECTOR = YES;
				GCC_WARN_UNINITIALIZED_AUTOS = YES_AGGRESSIVE;
				GCC_WARN_UNUSED_FUNCTION = YES;
				GCC_WARN_UNUSED_VARIABLE = YES;
				IPHONEOS_DEPLOYMENT_TARGET = 16.4;
				MTL_ENABLE_DEBUG_INFO = INCLUDE_SOURCE;
				MTL_FAST_MATH = YES;
				ONLY_ACTIVE_ARCH = YES;
				SDKROOT = iphoneos;
				SWIFT_ACTIVE_COMPILATION_CONDITIONS = DEBUG;
				SWIFT_OPTIMIZATION_LEVEL = "-Onone";
			};
			name = Debug;
		};
		82D08A6529ED461000A28D2B /* Release */ = {
			isa = XCBuildConfiguration;
			buildSettings = {
				ALWAYS_SEARCH_USER_PATHS = NO;
				CLANG_ANALYZER_NONNULL = YES;
				CLANG_ANALYZER_NUMBER_OBJECT_CONVERSION = YES_AGGRESSIVE;
				CLANG_CXX_LANGUAGE_STANDARD = "gnu++20";
				CLANG_ENABLE_MODULES = YES;
				CLANG_ENABLE_OBJC_ARC = YES;
				CLANG_ENABLE_OBJC_WEAK = YES;
				CLANG_WARN_BLOCK_CAPTURE_AUTORELEASING = YES;
				CLANG_WARN_BOOL_CONVERSION = YES;
				CLANG_WARN_COMMA = YES;
				CLANG_WARN_CONSTANT_CONVERSION = YES;
				CLANG_WARN_DEPRECATED_OBJC_IMPLEMENTATIONS = YES;
				CLANG_WARN_DIRECT_OBJC_ISA_USAGE = YES_ERROR;
				CLANG_WARN_DOCUMENTATION_COMMENTS = YES;
				CLANG_WARN_EMPTY_BODY = YES;
				CLANG_WARN_ENUM_CONVERSION = YES;
				CLANG_WARN_INFINITE_RECURSION = YES;
				CLANG_WARN_INT_CONVERSION = YES;
				CLANG_WARN_NON_LITERAL_NULL_CONVERSION = YES;
				CLANG_WARN_OBJC_IMPLICIT_RETAIN_SELF = YES;
				CLANG_WARN_OBJC_LITERAL_CONVERSION = YES;
				CLANG_WARN_OBJC_ROOT_CLASS = YES_ERROR;
				CLANG_WARN_QUOTED_INCLUDE_IN_FRAMEWORK_HEADER = YES;
				CLANG_WARN_RANGE_LOOP_ANALYSIS = YES;
				CLANG_WARN_STRICT_PROTOTYPES = YES;
				CLANG_WARN_SUSPICIOUS_MOVE = YES;
				CLANG_WARN_UNGUARDED_AVAILABILITY = YES_AGGRESSIVE;
				CLANG_WARN_UNREACHABLE_CODE = YES;
				CLANG_WARN__DUPLICATE_METHOD_MATCH = YES;
				COPY_PHASE_STRIP = NO;
				DEBUG_INFORMATION_FORMAT = "dwarf-with-dsym";
				ENABLE_NS_ASSERTIONS = NO;
				ENABLE_STRICT_OBJC_MSGSEND = YES;
				GCC_C_LANGUAGE_STANDARD = gnu11;
				GCC_NO_COMMON_BLOCKS = YES;
				GCC_WARN_64_TO_32_BIT_CONVERSION = YES;
				GCC_WARN_ABOUT_RETURN_TYPE = YES_ERROR;
				GCC_WARN_UNDECLARED_SELECTOR = YES;
				GCC_WARN_UNINITIALIZED_AUTOS = YES_AGGRESSIVE;
				GCC_WARN_UNUSED_FUNCTION = YES;
				GCC_WARN_UNUSED_VARIABLE = YES;
				IPHONEOS_DEPLOYMENT_TARGET = 16.4;
				MTL_ENABLE_DEBUG_INFO = NO;
				MTL_FAST_MATH = YES;
				SDKROOT = iphoneos;
				SWIFT_COMPILATION_MODE = wholemodule;
				SWIFT_OPTIMIZATION_LEVEL = "-O";
				VALIDATE_PRODUCT = YES;
			};
			name = Release;
		};
		82D08A6729ED461000A28D2B /* Debug */ = {
			isa = XCBuildConfiguration;
			buildSettings = {
				ASSETCATALOG_COMPILER_APPICON_NAME = AppIcon;
				ASSETCATALOG_COMPILER_GLOBAL_ACCENT_COLOR_NAME = AccentColor;
				CODE_SIGN_STYLE = Automatic;
				CURRENT_PROJECT_VERSION = 1;
				DEVELOPMENT_TEAM = 736Y9JVWHC;
				GENERATE_INFOPLIST_FILE = YES;
				INFOPLIST_FILE = TempConverter/Info.plist;
				INFOPLIST_KEY_UIApplicationSupportsIndirectInputEvents = YES;
				INFOPLIST_KEY_UILaunchStoryboardName = LaunchScreen;
				INFOPLIST_KEY_UIMainStoryboardFile = Main;
				INFOPLIST_KEY_UISupportedInterfaceOrientations_iPad = "UIInterfaceOrientationPortrait UIInterfaceOrientationPortraitUpsideDown UIInterfaceOrientationLandscapeLeft UIInterfaceOrientationLandscapeRight";
				INFOPLIST_KEY_UISupportedInterfaceOrientations_iPhone = "UIInterfaceOrientationPortrait UIInterfaceOrientationLandscapeLeft UIInterfaceOrientationLandscapeRight";
				LD_RUNPATH_SEARCH_PATHS = (
					"$(inherited)",
					"@executable_path/Frameworks",
				);
				MARKETING_VERSION = 1.0;
				PRODUCT_BUNDLE_IDENTIFIER = com.iosbootcamp.TempConverter;
				PRODUCT_NAME = "$(TARGET_NAME)";
				SWIFT_EMIT_LOC_STRINGS = YES;
				SWIFT_VERSION = 5.0;
				TARGETED_DEVICE_FAMILY = "1,2";
			};
			name = Debug;
		};
		82D08A6829ED461000A28D2B /* Release */ = {
			isa = XCBuildConfiguration;
			buildSettings = {
				ASSETCATALOG_COMPILER_APPICON_NAME = AppIcon;
				ASSETCATALOG_COMPILER_GLOBAL_ACCENT_COLOR_NAME = AccentColor;
				CODE_SIGN_STYLE = Automatic;
				CURRENT_PROJECT_VERSION = 1;
				DEVELOPMENT_TEAM = 736Y9JVWHC;
				GENERATE_INFOPLIST_FILE = YES;
				INFOPLIST_FILE = TempConverter/Info.plist;
				INFOPLIST_KEY_UIApplicationSupportsIndirectInputEvents = YES;
				INFOPLIST_KEY_UILaunchStoryboardName = LaunchScreen;
				INFOPLIST_KEY_UIMainStoryboardFile = Main;
				INFOPLIST_KEY_UISupportedInterfaceOrientations_iPad = "UIInterfaceOrientationPortrait UIInterfaceOrientationPortraitUpsideDown UIInterfaceOrientationLandscapeLeft UIInterfaceOrientationLandscapeRight";
				INFOPLIST_KEY_UISupportedInterfaceOrientations_iPhone = "UIInterfaceOrientationPortrait UIInterfaceOrientationLandscapeLeft UIInterfaceOrientationLandscapeRight";
				LD_RUNPATH_SEARCH_PATHS = (
					"$(inherited)",
					"@executable_path/Frameworks",
				);
				MARKETING_VERSION = 1.0;
				PRODUCT_BUNDLE_IDENTIFIER = com.iosbootcamp.TempConverter;
				PRODUCT_NAME = "$(TARGET_NAME)";
				SWIFT_EMIT_LOC_STRINGS = YES;
				SWIFT_VERSION = 5.0;
				TARGETED_DEVICE_FAMILY = "1,2";
			};
			name = Release;
		};
/* End XCBuildConfiguration section */

/* Begin XCConfigurationList section */
		82D08A4D29ED460C00A28D2B /* Build configuration list for PBXProject "TempConverter" */ = {
			isa = XCConfigurationList;
			buildConfigurations = (
				82D08A6429ED461000A28D2B /* Debug */,
				82D08A6529ED461000A28D2B /* Release */,
			);
			defaultConfigurationIsVisible = 0;
			defaultConfigurationName = Release;
		};
		82D08A6629ED461000A28D2B /* Build configuration list for PBXNativeTarget "TempConverter" */ = {
			isa = XCConfigurationList;
			buildConfigurations = (
				82D08A6729ED461000A28D2B /* Debug */,
				82D08A6829ED461000A28D2B /* Release */,
			);
			defaultConfigurationIsVisible = 0;
			defaultConfigurationName = Release;
		};
/* End XCConfigurationList section */
	};
	rootObject = 82D08A4A29ED460C00A28D2B /* Project object */;
}
